PODS:
  - Alamofire (5.10.2)
  - BigInt (5.2.0)
  - Capacitor (7.4.4):
    - CapacitorCordova
  - CapacitorApp (7.1.0):
    - Capacitor
  - CapacitorCordova (7.4.4)
  - CapacitorExampleplugin (1.0.0):
    - Capacitor
  - CapacitorHaptics (7.0.2):
    - Capacitor
  - CapacitorKeyboard (7.0.3):
    - Capacitor
  - CapacitorStatusBar (7.0.3):
    - Capacitor
  - CapgoCapacitorUpdater (7.29.0):
    - Alamofire (= 5.10.2)
    - BigInt (= 5.2.0)
    - Capacitor
    - SSZipArchive (= 2.4.3)
    - Version (= 0.8.0)
  - SSZipArchive (2.4.3)
  - Version (0.8.0)

DEPENDENCIES:
  - "Capacitor (from `../../../node_modules/@capacitor/ios`)"
  - "CapacitorApp (from `../../node_modules/@capacitor/app`)"
  - "CapacitorCordova (from `../../../node_modules/@capacitor/ios`)"
  - CapacitorExampleplugin (from `../../..`)
  - "CapacitorHaptics (from `../../node_modules/@capacitor/haptics`)"
  - "CapacitorKeyboard (from `../../node_modules/@capacitor/keyboard`)"
  - "CapacitorStatusBar (from `../../node_modules/@capacitor/status-bar`)"
  - "CapgoCapacitorUpdater (from `../../node_modules/@capgo/capacitor-updater`)"

SPEC REPOS:
  trunk:
    - Alamofire
    - BigInt
    - SSZipArchive
    - Version

EXTERNAL SOURCES:
  Capacitor:
    :path: "../../../node_modules/@capacitor/ios"
  CapacitorApp:
    :path: "../../node_modules/@capacitor/app"
  CapacitorCordova:
    :path: "../../../node_modules/@capacitor/ios"
  CapacitorExampleplugin:
    :path: "../../.."
  CapacitorHaptics:
    :path: "../../node_modules/@capacitor/haptics"
  CapacitorKeyboard:
    :path: "../../node_modules/@capacitor/keyboard"
  CapacitorStatusBar:
    :path: "../../node_modules/@capacitor/status-bar"
  CapgoCapacitorUpdater:
    :path: "../../node_modules/@capgo/capacitor-updater"

SPEC CHECKSUMS:
  Alamofire: 7193b3b92c74a07f85569e1a6c4f4237291e7496
  BigInt: f668a80089607f521586bbe29513d708491ef2f7
  Capacitor: 09d9ff8e9618e8c4b3cab2bbee34a17215dd2fef
  CapacitorApp: 846d4b4a1dbb19dd1e9029c08ba6f028aa7be862
  CapacitorCordova: bf648a636f3c153f652d312ae145fb508b6ffced
  CapacitorExampleplugin: 195602c48401f9378450f7ffe488889d3c29c03e
  CapacitorHaptics: 09d96bcb5a2b74ede8fd039b4cdf58fc43dcacf1
  CapacitorKeyboard: 3822c3a0c6b58168f96ca562f9534ed095d40860
  CapacitorStatusBar: 7d8fcbd6768db014bd721d75e246590b014928e8
  CapgoCapacitorUpdater: b3a419b281c01eb9efc8969fe5183ea0da636d25
  SSZipArchive: fe6a26b2a54d5a0890f2567b5cc6de5caa600aef
  Version: de5907f2c5d0f3cf21708db7801d1d5401139486

PODFILE CHECKSUM: e193d60b0c1c60de5309a36a42e554dd7ab2b21f

COCOAPODS: 1.16.2
